
Microsoft Visual Studio Solution File, Format Version 12.00
# Visual Studio Version 17
VisualStudioVersion = 17.5.33516.290
MinimumVisualStudioVersion = 10.0.40219.1
Project("{FAE04EC0-301F-11D3-BF4B-00C04F79EFBC}") = "VisualState_Demo", "VisualState_Demo.csproj", "{9B67F1B0-778F-4E45-8950-44E1F8FDF2CC}"
EndProject
Global
	GlobalSection(SolutionConfigurationPlatforms) = preSolution
		Debug|Any CPU = Debug|Any CPU
		Release|Any CPU = Release|Any CPU
	EndGlobalSection
	GlobalSection(ProjectConfigurationPlatforms) = postSolution
		{9B67F1B0-778F-4E45-8950-44E1F8FDF2CC}.Debug|Any CPU.ActiveCfg = Debug|Any CPU
		{9B67F1B0-778F-4E45-8950-44E1F8FDF2CC}.Debug|Any CPU.Build.0 = Debug|Any CPU
		{9B67F1B0-778F-4E45-8950-44E1F8FDF2CC}.Release|Any CPU.ActiveCfg = Release|Any CPU
		{9B67F1B0-778F-4E45-8950-44E1F8FDF2CC}.Release|Any CPU.Build.0 = Release|Any CPU
	EndGlobalSection
	GlobalSection(SolutionProperties) = preSolution
		HideSolutionNode = FALSE
	EndGlobalSection
	GlobalSection(ExtensibilityGlobals) = postSolution
		SolutionGuid = {E85E2442-95D7-4B02-909E-4F809BE1AEE6}
	EndGlobalSection
EndGlobal
